
Microsoft Visual Studio Solution File, Format Version 12.00
# Visual Studio 14
VisualStudioVersion = 14.0.25420.1
MinimumVisualStudioVersion = 10.0.40219.1
Project("{FAE04EC0-301F-11D3-BF4B-00C04F79EFBC}") = "Community.APi", "Community.Api\Community.APi.csproj", "{EAF9A152-59A0-492A-AB1F-D8E45286702B}"
EndProject
Project("{FAE04EC0-301F-11D3-BF4B-00C04F79EFBC}") = "Community.Repository", "Community.Repository\Community.Repository\Community.Repository.csproj", "{6DDED595-5EBB-4696-9A6B-98647BFA331F}"
EndProject
Project("{FAE04EC0-301F-11D3-BF4B-00C04F79EFBC}") = "Community.ViewModel", "Community.ViewModel\Community.ViewModel\Community.ViewModel.csproj", "{CF7B4370-5B93-48CB-9532-3E95CF617D86}"
EndProject
Project("{FAE04EC0-301F-11D3-BF4B-00C04F79EFBC}") = "Community.Core", "Community.Core\Community.Core\Community.Core.csproj", "{13E1310C-2F5C-40EF-9FBA-FF729512AB0C}"
EndProject
Project("{FAE04EC0-301F-11D3-BF4B-00C04F79EFBC}") = "Community.Mapper", "Community.Mapper\Community.Mapper\Community.Mapper.csproj", "{0DC2C8ED-CD65-4AB6-B5B7-D76E59946BF0}"
EndProject
Project("{FAE04EC0-301F-11D3-BF4B-00C04F79EFBC}") = "Community.Service", "Community.Service\Community.Service\Community.Service.csproj", "{4EED9CFA-910F-4C8E-9AA2-6B3F9037A74B}"
EndProject
Project("{FAE04EC0-301F-11D3-BF4B-00C04F79EFBC}") = "Community.Helper", "Community.Helper\Community.Helper\Community.Helper.csproj", "{8F2E0C26-6873-4F77-87EB-99EAE78E6CDE}"
EndProject
Project("{2150E333-8FDC-42A3-9474-1A3956D46DE8}") = "Clients", "Clients", "{E2747CBB-4F7A-4ECC-99EA-360D67A6AD3F}"
EndProject
Project("{FAE04EC0-301F-11D3-BF4B-00C04F79EFBC}") = "Community.Mvc", "Community.Mvc\Community.Mvc.csproj", "{1D7705C4-C818-4AD8-A6BD-24F96632DD49}"
EndProject
Project("{FAE04EC0-301F-11D3-BF4B-00C04F79EFBC}") = "Community.Constants", "Community.Constants\Community.Constants.csproj", "{85A0DEED-3F60-472B-8A8F-EA5D68FE719C}"
EndProject
Project("{FAE04EC0-301F-11D3-BF4B-00C04F79EFBC}") = "Community.Uwp", "Community.Uwp\Community.Uwp.csproj", "{16312A04-9A06-4167-929F-9E2951DF117A}"
EndProject
Project("{FAE04EC0-301F-11D3-BF4B-00C04F79EFBC}") = "Community.IdSrv", "Community.IdSrv\Community.IdSrv.csproj", "{6DA2A7AF-24D0-4FF5-947D-9D6B50E3118A}"
EndProject
Global
	GlobalSection(SolutionConfigurationPlatforms) = preSolution
		Debug|Any CPU = Debug|Any CPU
		Debug|ARM = Debug|ARM
		Debug|x64 = Debug|x64
		Debug|x86 = Debug|x86
		Release|Any CPU = Release|Any CPU
		Release|ARM = Release|ARM
		Release|x64 = Release|x64
		Release|x86 = Release|x86
	EndGlobalSection
	GlobalSection(ProjectConfigurationPlatforms) = postSolution
		{EAF9A152-59A0-492A-AB1F-D8E45286702B}.Debug|Any CPU.ActiveCfg = Debug|Any CPU
		{EAF9A152-59A0-492A-AB1F-D8E45286702B}.Debug|Any CPU.Build.0 = Debug|Any CPU
		{EAF9A152-59A0-492A-AB1F-D8E45286702B}.Debug|ARM.ActiveCfg = Debug|Any CPU
		{EAF9A152-59A0-492A-AB1F-D8E45286702B}.Debug|ARM.Build.0 = Debug|Any CPU
		{EAF9A152-59A0-492A-AB1F-D8E45286702B}.Debug|x64.ActiveCfg = Debug|Any CPU
		{EAF9A152-59A0-492A-AB1F-D8E45286702B}.Debug|x64.Build.0 = Debug|Any CPU
		{EAF9A152-59A0-492A-AB1F-D8E45286702B}.Debug|x86.ActiveCfg = Debug|Any CPU
		{EAF9A152-59A0-492A-AB1F-D8E45286702B}.Debug|x86.Build.0 = Debug|Any CPU
		{EAF9A152-59A0-492A-AB1F-D8E45286702B}.Release|Any CPU.ActiveCfg = Release|Any CPU
		{EAF9A152-59A0-492A-AB1F-D8E45286702B}.Release|Any CPU.Build.0 = Release|Any CPU
		{EAF9A152-59A0-492A-AB1F-D8E45286702B}.Release|ARM.ActiveCfg = Release|Any CPU
		{EAF9A152-59A0-492A-AB1F-D8E45286702B}.Release|ARM.Build.0 = Release|Any CPU
		{EAF9A152-59A0-492A-AB1F-D8E45286702B}.Release|x64.ActiveCfg = Release|Any CPU
		{EAF9A152-59A0-492A-AB1F-D8E45286702B}.Release|x64.Build.0 = Release|Any CPU
		{EAF9A152-59A0-492A-AB1F-D8E45286702B}.Release|x86.ActiveCfg = Release|Any CPU
		{EAF9A152-59A0-492A-AB1F-D8E45286702B}.Release|x86.Build.0 = Release|Any CPU
		{6DDED595-5EBB-4696-9A6B-98647BFA331F}.Debug|Any CPU.ActiveCfg = Debug|Any CPU
		{6DDED595-5EBB-4696-9A6B-98647BFA331F}.Debug|Any CPU.Build.0 = Debug|Any CPU
		{6DDED595-5EBB-4696-9A6B-98647BFA331F}.Debug|ARM.ActiveCfg = Debug|Any CPU
		{6DDED595-5EBB-4696-9A6B-98647BFA331F}.Debug|ARM.Build.0 = Debug|Any CPU
		{6DDED595-5EBB-4696-9A6B-98647BFA331F}.Debug|x64.ActiveCfg = Debug|Any CPU
		{6DDED595-5EBB-4696-9A6B-98647BFA331F}.Debug|x64.Build.0 = Debug|Any CPU
		{6DDED595-5EBB-4696-9A6B-98647BFA331F}.Debug|x86.ActiveCfg = Debug|Any CPU
		{6DDED595-5EBB-4696-9A6B-98647BFA331F}.Debug|x86.Build.0 = Debug|Any CPU
		{6DDED595-5EBB-4696-9A6B-98647BFA331F}.Release|Any CPU.ActiveCfg = Release|Any CPU
		{6DDED595-5EBB-4696-9A6B-98647BFA331F}.Release|Any CPU.Build.0 = Release|Any CPU
		{6DDED595-5EBB-4696-9A6B-98647BFA331F}.Release|ARM.ActiveCfg = Release|Any CPU
		{6DDED595-5EBB-4696-9A6B-98647BFA331F}.Release|ARM.Build.0 = Release|Any CPU
		{6DDED595-5EBB-4696-9A6B-98647BFA331F}.Release|x64.ActiveCfg = Release|Any CPU
		{6DDED595-5EBB-4696-9A6B-98647BFA331F}.Release|x64.Build.0 = Release|Any CPU
		{6DDED595-5EBB-4696-9A6B-98647BFA331F}.Release|x86.ActiveCfg = Release|Any CPU
		{6DDED595-5EBB-4696-9A6B-98647BFA331F}.Release|x86.Build.0 = Release|Any CPU
		{CF7B4370-5B93-48CB-9532-3E95CF617D86}.Debug|Any CPU.ActiveCfg = Debug|Any CPU
		{CF7B4370-5B93-48CB-9532-3E95CF617D86}.Debug|Any CPU.Build.0 = Debug|Any CPU
		{CF7B4370-5B93-48CB-9532-3E95CF617D86}.Debug|ARM.ActiveCfg = Debug|Any CPU
		{CF7B4370-5B93-48CB-9532-3E95CF617D86}.Debug|ARM.Build.0 = Debug|Any CPU
		{CF7B4370-5B93-48CB-9532-3E95CF617D86}.Debug|x64.ActiveCfg = Debug|Any CPU
		{CF7B4370-5B93-48CB-9532-3E95CF617D86}.Debug|x64.Build.0 = Debug|Any CPU
		{CF7B4370-5B93-48CB-9532-3E95CF617D86}.Debug|x86.ActiveCfg = Debug|Any CPU
		{CF7B4370-5B93-48CB-9532-3E95CF617D86}.Debug|x86.Build.0 = Debug|Any CPU
		{CF7B4370-5B93-48CB-9532-3E95CF617D86}.Release|Any CPU.ActiveCfg = Release|Any CPU
		{CF7B4370-5B93-48CB-9532-3E95CF617D86}.Release|Any CPU.Build.0 = Release|Any CPU
		{CF7B4370-5B93-48CB-9532-3E95CF617D86}.Release|ARM.ActiveCfg = Release|Any CPU
		{CF7B4370-5B93-48CB-9532-3E95CF617D86}.Release|ARM.Build.0 = Release|Any CPU
		{CF7B4370-5B93-48CB-9532-3E95CF617D86}.Release|x64.ActiveCfg = Release|Any CPU
		{CF7B4370-5B93-48CB-9532-3E95CF617D86}.Release|x64.Build.0 = Release|Any CPU
		{CF7B4370-5B93-48CB-9532-3E95CF617D86}.Release|x86.ActiveCfg = Release|Any CPU
		{CF7B4370-5B93-48CB-9532-3E95CF617D86}.Release|x86.Build.0 = Release|Any CPU
		{13E1310C-2F5C-40EF-9FBA-FF729512AB0C}.Debug|Any CPU.ActiveCfg = Debug|Any CPU
		{13E1310C-2F5C-40EF-9FBA-FF729512AB0C}.Debug|Any CPU.Build.0 = Debug|Any CPU
		{13E1310C-2F5C-40EF-9FBA-FF729512AB0C}.Debug|ARM.ActiveCfg = Debug|Any CPU
		{13E1310C-2F5C-40EF-9FBA-FF729512AB0C}.Debug|ARM.Build.0 = Debug|Any CPU
		{13E1310C-2F5C-40EF-9FBA-FF729512AB0C}.Debug|x64.ActiveCfg = Debug|Any CPU
		{13E1310C-2F5C-40EF-9FBA-FF729512AB0C}.Debug|x64.Build.0 = Debug|Any CPU
		{13E1310C-2F5C-40EF-9FBA-FF729512AB0C}.Debug|x86.ActiveCfg = Debug|Any CPU
		{13E1310C-2F5C-40EF-9FBA-FF729512AB0C}.Debug|x86.Build.0 = Debug|Any CPU
		{13E1310C-2F5C-40EF-9FBA-FF729512AB0C}.Release|Any CPU.ActiveCfg = Release|Any CPU
		{13E1310C-2F5C-40EF-9FBA-FF729512AB0C}.Release|Any CPU.Build.0 = Release|Any CPU
		{13E1310C-2F5C-40EF-9FBA-FF729512AB0C}.Release|ARM.ActiveCfg = Release|Any CPU
		{13E1310C-2F5C-40EF-9FBA-FF729512AB0C}.Release|ARM.Build.0 = Release|Any CPU
		{13E1310C-2F5C-40EF-9FBA-FF729512AB0C}.Release|x64.ActiveCfg = Release|Any CPU
		{13E1310C-2F5C-40EF-9FBA-FF729512AB0C}.Release|x64.Build.0 = Release|Any CPU
		{13E1310C-2F5C-40EF-9FBA-FF729512AB0C}.Release|x86.ActiveCfg = Release|Any CPU
		{13E1310C-2F5C-40EF-9FBA-FF729512AB0C}.Release|x86.Build.0 = Release|Any CPU
		{0DC2C8ED-CD65-4AB6-B5B7-D76E59946BF0}.Debug|Any CPU.ActiveCfg = Debug|Any CPU
		{0DC2C8ED-CD65-4AB6-B5B7-D76E59946BF0}.Debug|Any CPU.Build.0 = Debug|Any CPU
		{0DC2C8ED-CD65-4AB6-B5B7-D76E59946BF0}.Debug|ARM.ActiveCfg = Debug|Any CPU
		{0DC2C8ED-CD65-4AB6-B5B7-D76E59946BF0}.Debug|ARM.Build.0 = Debug|Any CPU
		{0DC2C8ED-CD65-4AB6-B5B7-D76E59946BF0}.Debug|x64.ActiveCfg = Debug|Any CPU
		{0DC2C8ED-CD65-4AB6-B5B7-D76E59946BF0}.Debug|x64.Build.0 = Debug|Any CPU
		{0DC2C8ED-CD65-4AB6-B5B7-D76E59946BF0}.Debug|x86.ActiveCfg = Debug|Any CPU
		{0DC2C8ED-CD65-4AB6-B5B7-D76E59946BF0}.Debug|x86.Build.0 = Debug|Any CPU
		{0DC2C8ED-CD65-4AB6-B5B7-D76E59946BF0}.Release|Any CPU.ActiveCfg = Release|Any CPU
		{0DC2C8ED-CD65-4AB6-B5B7-D76E59946BF0}.Release|Any CPU.Build.0 = Release|Any CPU
		{0DC2C8ED-CD65-4AB6-B5B7-D76E59946BF0}.Release|ARM.ActiveCfg = Release|Any CPU
		{0DC2C8ED-CD65-4AB6-B5B7-D76E59946BF0}.Release|ARM.Build.0 = Release|Any CPU
		{0DC2C8ED-CD65-4AB6-B5B7-D76E59946BF0}.Release|x64.ActiveCfg = Release|Any CPU
		{0DC2C8ED-CD65-4AB6-B5B7-D76E59946BF0}.Release|x64.Build.0 = Release|Any CPU
		{0DC2C8ED-CD65-4AB6-B5B7-D76E59946BF0}.Release|x86.ActiveCfg = Release|Any CPU
		{0DC2C8ED-CD65-4AB6-B5B7-D76E59946BF0}.Release|x86.Build.0 = Release|Any CPU
		{4EED9CFA-910F-4C8E-9AA2-6B3F9037A74B}.Debug|Any CPU.ActiveCfg = Debug|Any CPU
		{4EED9CFA-910F-4C8E-9AA2-6B3F9037A74B}.Debug|Any CPU.Build.0 = Debug|Any CPU
		{4EED9CFA-910F-4C8E-9AA2-6B3F9037A74B}.Debug|ARM.ActiveCfg = Debug|Any CPU
		{4EED9CFA-910F-4C8E-9AA2-6B3F9037A74B}.Debug|ARM.Build.0 = Debug|Any CPU
		{4EED9CFA-910F-4C8E-9AA2-6B3F9037A74B}.Debug|x64.ActiveCfg = Debug|Any CPU
		{4EED9CFA-910F-4C8E-9AA2-6B3F9037A74B}.Debug|x64.Build.0 = Debug|Any CPU
		{4EED9CFA-910F-4C8E-9AA2-6B3F9037A74B}.Debug|x86.ActiveCfg = Debug|Any CPU
		{4EED9CFA-910F-4C8E-9AA2-6B3F9037A74B}.Debug|x86.Build.0 = Debug|Any CPU
		{4EED9CFA-910F-4C8E-9AA2-6B3F9037A74B}.Release|Any CPU.ActiveCfg = Release|Any CPU
		{4EED9CFA-910F-4C8E-9AA2-6B3F9037A74B}.Release|Any CPU.Build.0 = Release|Any CPU
		{4EED9CFA-910F-4C8E-9AA2-6B3F9037A74B}.Release|ARM.ActiveCfg = Release|Any CPU
		{4EED9CFA-910F-4C8E-9AA2-6B3F9037A74B}.Release|ARM.Build.0 = Release|Any CPU
		{4EED9CFA-910F-4C8E-9AA2-6B3F9037A74B}.Release|x64.ActiveCfg = Release|Any CPU
		{4EED9CFA-910F-4C8E-9AA2-6B3F9037A74B}.Release|x64.Build.0 = Release|Any CPU
		{4EED9CFA-910F-4C8E-9AA2-6B3F9037A74B}.Release|x86.ActiveCfg = Release|Any CPU
		{4EED9CFA-910F-4C8E-9AA2-6B3F9037A74B}.Release|x86.Build.0 = Release|Any CPU
		{8F2E0C26-6873-4F77-87EB-99EAE78E6CDE}.Debug|Any CPU.ActiveCfg = Debug|Any CPU
		{8F2E0C26-6873-4F77-87EB-99EAE78E6CDE}.Debug|Any CPU.Build.0 = Debug|Any CPU
		{8F2E0C26-6873-4F77-87EB-99EAE78E6CDE}.Debug|ARM.ActiveCfg = Debug|Any CPU
		{8F2E0C26-6873-4F77-87EB-99EAE78E6CDE}.Debug|ARM.Build.0 = Debug|Any CPU
		{8F2E0C26-6873-4F77-87EB-99EAE78E6CDE}.Debug|x64.ActiveCfg = Debug|Any CPU
		{8F2E0C26-6873-4F77-87EB-99EAE78E6CDE}.Debug|x64.Build.0 = Debug|Any CPU
		{8F2E0C26-6873-4F77-87EB-99EAE78E6CDE}.Debug|x86.ActiveCfg = Debug|Any CPU
		{8F2E0C26-6873-4F77-87EB-99EAE78E6CDE}.Debug|x86.Build.0 = Debug|Any CPU
		{8F2E0C26-6873-4F77-87EB-99EAE78E6CDE}.Release|Any CPU.ActiveCfg = Release|Any CPU
		{8F2E0C26-6873-4F77-87EB-99EAE78E6CDE}.Release|Any CPU.Build.0 = Release|Any CPU
		{8F2E0C26-6873-4F77-87EB-99EAE78E6CDE}.Release|ARM.ActiveCfg = Release|Any CPU
		{8F2E0C26-6873-4F77-87EB-99EAE78E6CDE}.Release|ARM.Build.0 = Release|Any CPU
		{8F2E0C26-6873-4F77-87EB-99EAE78E6CDE}.Release|x64.ActiveCfg = Release|Any CPU
		{8F2E0C26-6873-4F77-87EB-99EAE78E6CDE}.Release|x64.Build.0 = Release|Any CPU
		{8F2E0C26-6873-4F77-87EB-99EAE78E6CDE}.Release|x86.ActiveCfg = Release|Any CPU
		{8F2E0C26-6873-4F77-87EB-99EAE78E6CDE}.Release|x86.Build.0 = Release|Any CPU
		{1D7705C4-C818-4AD8-A6BD-24F96632DD49}.Debug|Any CPU.ActiveCfg = Debug|Any CPU
		{1D7705C4-C818-4AD8-A6BD-24F96632DD49}.Debug|Any CPU.Build.0 = Debug|Any CPU
		{1D7705C4-C818-4AD8-A6BD-24F96632DD49}.Debug|ARM.ActiveCfg = Debug|Any CPU
		{1D7705C4-C818-4AD8-A6BD-24F96632DD49}.Debug|ARM.Build.0 = Debug|Any CPU
		{1D7705C4-C818-4AD8-A6BD-24F96632DD49}.Debug|x64.ActiveCfg = Debug|Any CPU
		{1D7705C4-C818-4AD8-A6BD-24F96632DD49}.Debug|x64.Build.0 = Debug|Any CPU
		{1D7705C4-C818-4AD8-A6BD-24F96632DD49}.Debug|x86.ActiveCfg = Debug|Any CPU
		{1D7705C4-C818-4AD8-A6BD-24F96632DD49}.Debug|x86.Build.0 = Debug|Any CPU
		{1D7705C4-C818-4AD8-A6BD-24F96632DD49}.Release|Any CPU.ActiveCfg = Release|Any CPU
		{1D7705C4-C818-4AD8-A6BD-24F96632DD49}.Release|Any CPU.Build.0 = Release|Any CPU
		{1D7705C4-C818-4AD8-A6BD-24F96632DD49}.Release|ARM.ActiveCfg = Release|Any CPU
		{1D7705C4-C818-4AD8-A6BD-24F96632DD49}.Release|ARM.Build.0 = Release|Any CPU
		{1D7705C4-C818-4AD8-A6BD-24F96632DD49}.Release|x64.ActiveCfg = Release|Any CPU
		{1D7705C4-C818-4AD8-A6BD-24F96632DD49}.Release|x64.Build.0 = Release|Any CPU
		{1D7705C4-C818-4AD8-A6BD-24F96632DD49}.Release|x86.ActiveCfg = Release|Any CPU
		{1D7705C4-C818-4AD8-A6BD-24F96632DD49}.Release|x86.Build.0 = Release|Any CPU
		{85A0DEED-3F60-472B-8A8F-EA5D68FE719C}.Debug|Any CPU.ActiveCfg = Debug|Any CPU
		{85A0DEED-3F60-472B-8A8F-EA5D68FE719C}.Debug|Any CPU.Build.0 = Debug|Any CPU
		{85A0DEED-3F60-472B-8A8F-EA5D68FE719C}.Debug|ARM.ActiveCfg = Debug|Any CPU
		{85A0DEED-3F60-472B-8A8F-EA5D68FE719C}.Debug|ARM.Build.0 = Debug|Any CPU
		{85A0DEED-3F60-472B-8A8F-EA5D68FE719C}.Debug|x64.ActiveCfg = Debug|Any CPU
		{85A0DEED-3F60-472B-8A8F-EA5D68FE719C}.Debug|x64.Build.0 = Debug|Any CPU
		{85A0DEED-3F60-472B-8A8F-EA5D68FE719C}.Debug|x86.ActiveCfg = Debug|Any CPU
		{85A0DEED-3F60-472B-8A8F-EA5D68FE719C}.Debug|x86.Build.0 = Debug|Any CPU
		{85A0DEED-3F60-472B-8A8F-EA5D68FE719C}.Release|Any CPU.ActiveCfg = Release|Any CPU
		{85A0DEED-3F60-472B-8A8F-EA5D68FE719C}.Release|Any CPU.Build.0 = Release|Any CPU
		{85A0DEED-3F60-472B-8A8F-EA5D68FE719C}.Release|ARM.ActiveCfg = Release|Any CPU
		{85A0DEED-3F60-472B-8A8F-EA5D68FE719C}.Release|ARM.Build.0 = Release|Any CPU
		{85A0DEED-3F60-472B-8A8F-EA5D68FE719C}.Release|x64.ActiveCfg = Release|Any CPU
		{85A0DEED-3F60-472B-8A8F-EA5D68FE719C}.Release|x64.Build.0 = Release|Any CPU
		{85A0DEED-3F60-472B-8A8F-EA5D68FE719C}.Release|x86.ActiveCfg = Release|Any CPU
		{85A0DEED-3F60-472B-8A8F-EA5D68FE719C}.Release|x86.Build.0 = Release|Any CPU
		{16312A04-9A06-4167-929F-9E2951DF117A}.Debug|Any CPU.ActiveCfg = Debug|x86
		{16312A04-9A06-4167-929F-9E2951DF117A}.Debug|ARM.ActiveCfg = Debug|ARM
		{16312A04-9A06-4167-929F-9E2951DF117A}.Debug|ARM.Build.0 = Debug|ARM
		{16312A04-9A06-4167-929F-9E2951DF117A}.Debug|ARM.Deploy.0 = Debug|ARM
		{16312A04-9A06-4167-929F-9E2951DF117A}.Debug|x64.ActiveCfg = Debug|x64
		{16312A04-9A06-4167-929F-9E2951DF117A}.Debug|x64.Build.0 = Debug|x64
		{16312A04-9A06-4167-929F-9E2951DF117A}.Debug|x64.Deploy.0 = Debug|x64
		{16312A04-9A06-4167-929F-9E2951DF117A}.Debug|x86.ActiveCfg = Debug|x86
		{16312A04-9A06-4167-929F-9E2951DF117A}.Debug|x86.Build.0 = Debug|x86
		{16312A04-9A06-4167-929F-9E2951DF117A}.Debug|x86.Deploy.0 = Debug|x86
		{16312A04-9A06-4167-929F-9E2951DF117A}.Release|Any CPU.ActiveCfg = Release|x86
		{16312A04-9A06-4167-929F-9E2951DF117A}.Release|ARM.ActiveCfg = Release|ARM
		{16312A04-9A06-4167-929F-9E2951DF117A}.Release|ARM.Build.0 = Release|ARM
		{16312A04-9A06-4167-929F-9E2951DF117A}.Release|ARM.Deploy.0 = Release|ARM
		{16312A04-9A06-4167-929F-9E2951DF117A}.Release|x64.ActiveCfg = Release|x64
		{16312A04-9A06-4167-929F-9E2951DF117A}.Release|x64.Build.0 = Release|x64
		{16312A04-9A06-4167-929F-9E2951DF117A}.Release|x64.Deploy.0 = Release|x64
		{16312A04-9A06-4167-929F-9E2951DF117A}.Release|x86.ActiveCfg = Release|x86
		{16312A04-9A06-4167-929F-9E2951DF117A}.Release|x86.Build.0 = Release|x86
		{16312A04-9A06-4167-929F-9E2951DF117A}.Release|x86.Deploy.0 = Release|x86
		{6DA2A7AF-24D0-4FF5-947D-9D6B50E3118A}.Debug|Any CPU.ActiveCfg = Debug|Any CPU
		{6DA2A7AF-24D0-4FF5-947D-9D6B50E3118A}.Debug|Any CPU.Build.0 = Debug|Any CPU
		{6DA2A7AF-24D0-4FF5-947D-9D6B50E3118A}.Debug|ARM.ActiveCfg = Debug|Any CPU
		{6DA2A7AF-24D0-4FF5-947D-9D6B50E3118A}.Debug|ARM.Build.0 = Debug|Any CPU
		{6DA2A7AF-24D0-4FF5-947D-9D6B50E3118A}.Debug|x64.ActiveCfg = Debug|Any CPU
		{6DA2A7AF-24D0-4FF5-947D-9D6B50E3118A}.Debug|x64.Build.0 = Debug|Any CPU
		{6DA2A7AF-24D0-4FF5-947D-9D6B50E3118A}.Debug|x86.ActiveCfg = Debug|Any CPU
		{6DA2A7AF-24D0-4FF5-947D-9D6B50E3118A}.Debug|x86.Build.0 = Debug|Any CPU
		{6DA2A7AF-24D0-4FF5-947D-9D6B50E3118A}.Release|Any CPU.ActiveCfg = Release|Any CPU
		{6DA2A7AF-24D0-4FF5-947D-9D6B50E3118A}.Release|Any CPU.Build.0 = Release|Any CPU
		{6DA2A7AF-24D0-4FF5-947D-9D6B50E3118A}.Release|ARM.ActiveCfg = Release|Any CPU
		{6DA2A7AF-24D0-4FF5-947D-9D6B50E3118A}.Release|ARM.Build.0 = Release|Any CPU
		{6DA2A7AF-24D0-4FF5-947D-9D6B50E3118A}.Release|x64.ActiveCfg = Release|Any CPU
		{6DA2A7AF-24D0-4FF5-947D-9D6B50E3118A}.Release|x64.Build.0 = Release|Any CPU
		{6DA2A7AF-24D0-4FF5-947D-9D6B50E3118A}.Release|x86.ActiveCfg = Release|Any CPU
		{6DA2A7AF-24D0-4FF5-947D-9D6B50E3118A}.Release|x86.Build.0 = Release|Any CPU
	EndGlobalSection
	GlobalSection(SolutionProperties) = preSolution
		HideSolutionNode = FALSE
	EndGlobalSection
	GlobalSection(NestedProjects) = preSolution
		{1D7705C4-C818-4AD8-A6BD-24F96632DD49} = {E2747CBB-4F7A-4ECC-99EA-360D67A6AD3F}
		{16312A04-9A06-4167-929F-9E2951DF117A} = {E2747CBB-4F7A-4ECC-99EA-360D67A6AD3F}
	EndGlobalSection
EndGlobal
